<?xml version="1.0" encoding="utf-8"?>
<Project ToolsVersion="4.0" xmlns="http://schemas.microsoft.com/developer/msbuild/2003">
  <ItemGroup>
    <Filter Include="Resource Files">
      <UniqueIdentifier>{5a52cb6c-76f6-41e2-8d96-4d5f2abad324}</UniqueIdentifier>
    </Filter>
    <Filter Include="Header Files">
      <UniqueIdentifier>{ef06b4aa-aea8-481f-a357-14ec7fd18d55}</UniqueIdentifier>
    </Filter>
    <Filter Include="Source Files">
      <UniqueIdentifier>{e61edb41-436c-4e0f-812d-d34bddf4617c}</UniqueIdentifier>
    </Filter>
    <Filter Include="Source Files\render_system">
      <UniqueIdentifier>{fad43dcc-35ed-402c-a5f8-68759cd45a48}</UniqueIdentifier>
    </Filter>
    <Filter Include="Header Files\render_system">
      <UniqueIdentifier>{7f8ef2e9-1d80-459c-bef9-21944bbac02e}</UniqueIdentifier>
    </Filter>
  </ItemGroup>
  <ItemGroup>
    <ClInclude Include="framework.h">
      <Filter>Header Files</Filter>
    </ClInclude>
    <ClInclude Include="_.h">
      <Filter>Header Files</Filter>
    </ClInclude>
    <ClInclude Include="__defer.h">
      <Filter>Header Files</Filter>
    </ClInclude>
    <ClInclude Include="scene.h">
      <Filter>Header Files</Filter>
    </ClInclude>
    <ClInclude Include="render_system\scene_render_system.h">
      <Filter>Header Files\render_system</Filter>
    </ClInclude>
    <ClInclude Include="render_system\gltf_render_system.h">
      <Filter>Header Files\render_system</Filter>
    </ClInclude>
    <ClInclude Include="render_system\pbr_with_ibl_render_system.h">
      <Filter>Header Files\render_system</Filter>
    </ClInclude>
  </ItemGroup>
  <ItemGroup>
    <ClCompile Include="framework.cpp">
      <Filter>Source Files</Filter>
    </ClCompile>
    <ClCompile Include="_.cpp">
      <Filter>Source Files</Filter>
    </ClCompile>
    <ClCompile Include="scene.cpp">
      <Filter>Source Files</Filter>
    </ClCompile>
    <ClCompile Include="render_system\gltf_render_system.cpp">
      <Filter>Source Files\render_system</Filter>
    </ClCompile>
    <ClCompile Include="render_system\scene_render_system.cpp">
      <Filter>Source Files\render_system</Filter>
    </ClCompile>
    <ClCompile Include="render_system\pbr_with_ibl_render_system.cpp">
      <Filter>Source Files\render_system</Filter>
    </ClCompile>
  </ItemGroup>
  <ItemGroup>
    <ResourceCompile Include="deployment.rc">
      <Filter>Resource Files</Filter>
    </ResourceCompile>
  </ItemGroup>
</Project>