<?xml version="1.0" encoding="utf-8"?>
<Project ToolsVersion="4.0" xmlns="http://schemas.microsoft.com/developer/msbuild/2003">
  <ItemGroup>
    <Filter Include="Source Files">
      <UniqueIdentifier>{8e5d91c7-edc0-4d92-b733-aeffca5af850}</UniqueIdentifier>
    </Filter>
    <Filter Include="Header Files">
      <UniqueIdentifier>{93995380-89BD-4b04-88EB-625FBE52EBFB}</UniqueIdentifier>
      <Extensions>h;hpp;hxx;hm;inl;inc;xsd</Extensions>
    </Filter>
    <Filter Include="Header Files\system">
      <UniqueIdentifier>{25f2e7e8-ee34-48d0-b575-ea265b4fb5bc}</UniqueIdentifier>
    </Filter>
    <Filter Include="Source Files\render_system">
      <UniqueIdentifier>{7549d886-8d19-4c0d-aefb-fd4011a475ad}</UniqueIdentifier>
    </Filter>
    <Filter Include="Header Files\render_systems">
      <UniqueIdentifier>{63ff2ab5-ffba-41de-8ad5-b61662bfe75a}</UniqueIdentifier>
    </Filter>
    <Filter Include="Source Files\render_system\shader">
      <UniqueIdentifier>{554b4339-d03d-4bd4-a859-e582d4b6e91f}</UniqueIdentifier>
    </Filter>
    <Filter Include="Header Files\render_systems\shader">
      <UniqueIdentifier>{cd27add2-6b7f-4ae4-9059-65e35304f220}</UniqueIdentifier>
    </Filter>
  </ItemGroup>
  <ItemGroup>
    <ClCompile Include="framework.cpp">
      <Filter>Source Files</Filter>
    </ClCompile>
    <ClCompile Include="_.cpp">
      <Filter>Source Files</Filter>
    </ClCompile>
    <ClCompile Include="engine.cpp">
      <Filter>Source Files</Filter>
    </ClCompile>
    <ClCompile Include="_factory.cpp">
      <Filter>Source Files</Filter>
    </ClCompile>
    <ClCompile Include="render_system.cpp">
      <Filter>Source Files</Filter>
    </ClCompile>
    <ClCompile Include="render_systems\gltf_render_system1.cpp">
      <Filter>Source Files\render_system</Filter>
    </ClCompile>
    <ClCompile Include="render_systems\scene_render_system.cpp">
      <Filter>Source Files\render_system</Filter>
    </ClCompile>
    <ClCompile Include="render_systems\gltf_render_system.cpp">
      <Filter>Source Files\render_system</Filter>
    </ClCompile>
    <ClCompile Include="render_systems\wavefront_obj_render_system.cpp">
      <Filter>Source Files\render_system</Filter>
    </ClCompile>
    <ClCompile Include="render_systems\skybox_render_system.cpp">
      <Filter>Source Files\render_system</Filter>
    </ClCompile>
  </ItemGroup>
  <ItemGroup>
    <ClInclude Include="framework.h">
      <Filter>Header Files</Filter>
    </ClInclude>
    <ClInclude Include="_.h">
      <Filter>Header Files</Filter>
    </ClInclude>
    <ClInclude Include="engine.h">
      <Filter>Header Files</Filter>
    </ClInclude>
    <ClInclude Include="system\basic_render_system.h">
      <Filter>Header Files\system</Filter>
    </ClInclude>
    <ClInclude Include="system\point_light_system.h">
      <Filter>Header Files\system</Filter>
    </ClInclude>
    <ClInclude Include="aaa_system\point_light_system.h">
      <Filter>Header Files\system</Filter>
    </ClInclude>
    <ClInclude Include="render_system.h">
      <Filter>Header Files</Filter>
    </ClInclude>
    <ClInclude Include="render_systems\basic_render_system.h">
      <Filter>Header Files\render_systems</Filter>
    </ClInclude>
    <ClInclude Include="render_systems\gltf_render_system.h">
      <Filter>Header Files\render_systems</Filter>
    </ClInclude>
    <ClInclude Include="render_systems\point_light_system.h">
      <Filter>Header Files\render_systems</Filter>
    </ClInclude>
    <ClInclude Include="render_systems\scene_render_system.h">
      <Filter>Header Files\render_systems</Filter>
    </ClInclude>
    <ClInclude Include="render_systems\gltf_render_system1.h">
      <Filter>Header Files\render_systems</Filter>
    </ClInclude>
    <ClInclude Include="render_systems\wavefront_obj_render_system.h">
      <Filter>Header Files\render_systems</Filter>
    </ClInclude>
    <ClInclude Include="render_systems\skybox_render_system.h">
      <Filter>Header Files\render_systems</Filter>
    </ClInclude>
  </ItemGroup>
  <ItemGroup>
    <None Include="render_systems\shader\pbr.frag.spv.inl">
      <Filter>Header Files\render_systems\shader</Filter>
    </None>
    <None Include="render_systems\shader\pbr.vert.spv.inl">
      <Filter>Header Files\render_systems\shader</Filter>
    </None>
    <None Include="render_systems\shader\wavefront.frag.spv.inl">
      <Filter>Header Files\render_systems\shader</Filter>
    </None>
    <None Include="render_systems\shader\wavefront.vert.spv.inl">
      <Filter>Header Files\render_systems\shader</Filter>
    </None>
    <None Include="render_systems\shader\skybox.frag.spv.inl">
      <Filter>Header Files\render_systems\shader</Filter>
    </None>
    <None Include="render_systems\shader\skybox.vert.spv.inl">
      <Filter>Header Files\render_systems\shader</Filter>
    </None>
    <None Include="render_systems\shader\skybox_hdr.frag.spv.inl">
      <Filter>Header Files\render_systems\shader</Filter>
    </None>
    <None Include="render_systems\shader\tonemapping.glsl">
      <Filter>Source Files\render_system\shader</Filter>
    </None>
  </ItemGroup>
  <ItemGroup>
    <CustomBuild Include="render_systems\shader\pbr.frag">
      <Filter>Source Files\render_system\shader</Filter>
    </CustomBuild>
    <CustomBuild Include="render_systems\shader\pbr.vert">
      <Filter>Source Files\render_system\shader</Filter>
    </CustomBuild>
    <CustomBuild Include="render_systems\shader\wavefront.frag">
      <Filter>Source Files\render_system\shader</Filter>
    </CustomBuild>
    <CustomBuild Include="render_systems\shader\wavefront.vert">
      <Filter>Source Files\render_system\shader</Filter>
    </CustomBuild>
    <CustomBuild Include="render_systems\shader\skybox.frag">
      <Filter>Source Files\render_system\shader</Filter>
    </CustomBuild>
    <CustomBuild Include="render_systems\shader\skybox.vert">
      <Filter>Source Files\render_system\shader</Filter>
    </CustomBuild>
    <CustomBuild Include="render_systems\shader\skybox_hdr.frag">
      <Filter>Source Files\render_system\shader</Filter>
    </CustomBuild>
    <CustomBuild Include="render_systems\shader\scene.frag">
      <Filter>Source Files\render_system\shader</Filter>
    </CustomBuild>
    <CustomBuild Include="render_systems\shader\scene.vert">
      <Filter>Source Files\render_system\shader</Filter>
    </CustomBuild>
  </ItemGroup>
</Project>