<?xml version="1.0" encoding="utf-8"?>
<Project ToolsVersion="4.0" xmlns="http://schemas.microsoft.com/developer/msbuild/2003">
  <ItemGroup>
    <Filter Include="Source Files">
      <UniqueIdentifier>{954ff0ad-f6ee-4de6-9851-289f58de1ba6}</UniqueIdentifier>
      <Extensions>cpp;c;cxx;rc;def;r;odl;idl;hpj;bat</Extensions>
    </Filter>
    <Filter Include="Header Files">
      <UniqueIdentifier>{740b13d3-bf25-4793-a3e0-4d13e3e71c4a}</UniqueIdentifier>
      <Extensions>h;hpp;hxx;hm;inl</Extensions>
    </Filter>
    <Filter Include="Resource Files">
      <UniqueIdentifier>{2ec8ecd0-d089-4887-98eb-a66497a4e6c3}</UniqueIdentifier>
    </Filter>
    <Filter Include="Source Files\shader">
      <UniqueIdentifier>{179b8e43-ca4a-4546-a31a-fc40ccd96636}</UniqueIdentifier>
    </Filter>
    <Filter Include="Header Files\shader">
      <UniqueIdentifier>{bcc98f30-5e91-4bb2-a66d-b15d8d0c7e75}</UniqueIdentifier>
    </Filter>
    <Filter Include="Header Files\ibl">
      <UniqueIdentifier>{d8d2ec72-2cd8-4201-b66b-d21088184332}</UniqueIdentifier>
    </Filter>
    <Filter Include="Source Files\ibl">
      <UniqueIdentifier>{4f6c48fc-5c07-480f-aca3-7fea14f745b5}</UniqueIdentifier>
    </Filter>
    <Filter Include="Source Files\ibl\shader">
      <UniqueIdentifier>{d32518b1-026d-4fb9-b900-c4b47a267779}</UniqueIdentifier>
    </Filter>
    <Filter Include="Header Files\ibl\shader">
      <UniqueIdentifier>{25a7b747-e7e4-4a00-9e7e-76229d3ef659}</UniqueIdentifier>
    </Filter>
    <Filter Include="Header Files\gltf">
      <UniqueIdentifier>{a2f6480d-620d-42d8-ace4-2ddba46722da}</UniqueIdentifier>
    </Filter>
    <Filter Include="Source Files\gltf">
      <UniqueIdentifier>{e9555e35-cf1e-4789-8707-233d2ce33cea}</UniqueIdentifier>
    </Filter>
    <Filter Include="Source Files\ibl\operating_system">
      <UniqueIdentifier>{7d5251d2-1d85-456a-b600-24603712b07d}</UniqueIdentifier>
    </Filter>
    <Filter Include="Source Files\ibl\_aaa">
      <UniqueIdentifier>{f657b272-73d2-46ca-a01d-d447624f8bc7}</UniqueIdentifier>
    </Filter>
  </ItemGroup>
  <ItemGroup>
    <ClInclude Include="framework.h">
      <Filter>Header Files</Filter>
    </ClInclude>
    <ClInclude Include="_.h">
      <Filter>Header Files</Filter>
    </ClInclude>
    <ClInclude Include="approach.h">
      <Filter>Header Files</Filter>
    </ClInclude>
    <ClInclude Include="program.h">
      <Filter>Header Files</Filter>
    </ClInclude>
    <ClInclude Include="shader.h">
      <Filter>Header Files</Filter>
    </ClInclude>
    <ClInclude Include="context.h">
      <Filter>Header Files</Filter>
    </ClInclude>
    <ClInclude Include="cpu_buffer.h">
      <Filter>Header Files</Filter>
    </ClInclude>
    <ClInclude Include="object.h">
      <Filter>Header Files</Filter>
    </ClInclude>
    <ClInclude Include="assimp.h">
      <Filter>Header Files</Filter>
    </ClInclude>
    <ClInclude Include="_gpu_vulkan.h">
      <Filter>Header Files</Filter>
    </ClInclude>
    <ClInclude Include="initializers.h">
      <Filter>Header Files</Filter>
    </ClInclude>
    <ClInclude Include="debug.h">
      <Filter>Header Files</Filter>
    </ClInclude>
    <ClInclude Include="aaa_swap_chain.h">
      <Filter>Header Files</Filter>
    </ClInclude>
    <ClInclude Include="physical_device.h">
      <Filter>Header Files</Filter>
    </ClInclude>
    <ClInclude Include="renderer.h">
      <Filter>Header Files</Filter>
    </ClInclude>
    <ClInclude Include="offscreen_render_pass.h">
      <Filter>Header Files</Filter>
    </ClInclude>
    <ClInclude Include="render_target.h">
      <Filter>Header Files</Filter>
    </ClInclude>
    <ClInclude Include="swap_chain.h">
      <Filter>Header Files</Filter>
    </ClInclude>
    <ClInclude Include="pipeline.h">
      <Filter>Header Files</Filter>
    </ClInclude>
    <ClInclude Include="descriptors.h">
      <Filter>Header Files</Filter>
    </ClInclude>
    <ClInclude Include="memory_buffer.h">
      <Filter>Header Files</Filter>
    </ClInclude>
    <ClInclude Include="frame.h">
      <Filter>Header Files</Filter>
    </ClInclude>
    <ClInclude Include="device.h">
      <Filter>Header Files</Filter>
    </ClInclude>
    <ClInclude Include="accumulation_render_pass.h">
      <Filter>Header Files</Filter>
    </ClInclude>
    <ClInclude Include="texture.h">
      <Filter>Header Files</Filter>
    </ClInclude>
    <ClInclude Include="command_buffer.h">
      <Filter>Header Files</Filter>
    </ClInclude>
    <ClInclude Include="layer.h">
      <Filter>Header Files</Filter>
    </ClInclude>
    <ClInclude Include="aaa_memory_buffer.h">
      <Filter>Header Files</Filter>
    </ClInclude>
    <ClInclude Include="model_buffer.h">
      <Filter>Header Files</Filter>
    </ClInclude>
    <ClInclude Include="input_layout.h">
      <Filter>Header Files</Filter>
    </ClInclude>
    <ClInclude Include="context_object.h">
      <Filter>Header Files</Filter>
    </ClInclude>
    <ClInclude Include="buffer.h">
      <Filter>Header Files</Filter>
    </ClInclude>
    <ClInclude Include="render_pass.h">
      <Filter>Header Files</Filter>
    </ClInclude>
    <ClInclude Include="pixmap.h">
      <Filter>Header Files</Filter>
    </ClInclude>
    <ClInclude Include="aaa_gltf_model.h">
      <Filter>Header Files</Filter>
    </ClInclude>
    <ClInclude Include="_gpu_directx.h">
      <Filter>Header Files</Filter>
    </ClInclude>
    <ClInclude Include="context_cgl.h">
      <Filter>Header Files</Filter>
    </ClInclude>
    <ClInclude Include="context_fbo.h">
      <Filter>Header Files</Filter>
    </ClInclude>
    <ClInclude Include="image_blend.frag.spv.h">
      <Filter>Header Files</Filter>
    </ClInclude>
    <ClInclude Include="image_blend.vert.spv.h">
      <Filter>Header Files</Filter>
    </ClInclude>
    <ClInclude Include="queue.h">
      <Filter>Header Files</Filter>
    </ClInclude>
    <ClInclude Include="resource.h">
      <Filter>Header Files</Filter>
    </ClInclude>
    <ClInclude Include="shader.frag.spv.h">
      <Filter>Header Files</Filter>
    </ClInclude>
    <ClInclude Include="shader.vert.spv.h">
      <Filter>Header Files</Filter>
    </ClInclude>
    <ClInclude Include="vk_init.h">
      <Filter>Header Files</Filter>
    </ClInclude>
    <ClInclude Include="vkresult_exception.h">
      <Filter>Header Files</Filter>
    </ClInclude>
    <ClInclude Include="ibl\diffuse_irradiance_map.h">
      <Filter>Header Files\ibl</Filter>
    </ClInclude>
    <ClInclude Include="ibl\specular_map.h">
      <Filter>Header Files\ibl</Filter>
    </ClInclude>
    <ClInclude Include="gltf\vertex.h">
      <Filter>Header Files\gltf</Filter>
    </ClInclude>
    <ClInclude Include="gltf\model.h">
      <Filter>Header Files\gltf</Filter>
    </ClInclude>
    <ClInclude Include="gltf\mesh.h">
      <Filter>Header Files\gltf</Filter>
    </ClInclude>
    <ClInclude Include="gltf\material.h">
      <Filter>Header Files\gltf</Filter>
    </ClInclude>
    <ClInclude Include="gltf\_constant.h">
      <Filter>Header Files\gltf</Filter>
    </ClInclude>
    <ClInclude Include="ibl\equirectangular_cubemap.h">
      <Filter>Header Files\ibl</Filter>
    </ClInclude>
    <ClInclude Include="ibl\aaa_cubemap_framebuffer.h">
      <Filter>Header Files\ibl</Filter>
    </ClInclude>
    <ClInclude Include="ibl\aaa_hdri_cube.h">
      <Filter>Header Files\ibl</Filter>
    </ClInclude>
    <ClInclude Include="binding.h">
      <Filter>Header Files</Filter>
    </ClInclude>
    <ClInclude Include="block.h">
      <Filter>Header Files</Filter>
    </ClInclude>
  </ItemGroup>
  <ItemGroup>
    <ClCompile Include="framework.cpp">
      <Filter>Source Files</Filter>
    </ClCompile>
    <ClCompile Include="_factory.cpp">
      <Filter>Source Files</Filter>
    </ClCompile>
    <ClCompile Include="_.cpp">
      <Filter>Source Files</Filter>
    </ClCompile>
    <ClCompile Include="aaa_context_win32.cpp">
      <Filter>Source Files</Filter>
    </ClCompile>
    <ClCompile Include="approach.cpp">
      <Filter>Source Files</Filter>
    </ClCompile>
    <ClCompile Include="program.cpp">
      <Filter>Source Files</Filter>
    </ClCompile>
    <ClCompile Include="shader.cpp">
      <Filter>Source Files</Filter>
    </ClCompile>
    <ClCompile Include="context.cpp">
      <Filter>Source Files</Filter>
    </ClCompile>
    <ClCompile Include="cpu_buffer.cpp">
      <Filter>Source Files</Filter>
    </ClCompile>
    <ClCompile Include="object.cpp">
      <Filter>Source Files</Filter>
    </ClCompile>
    <ClCompile Include="assimp.cpp">
      <Filter>Source Files</Filter>
    </ClCompile>
    <ClCompile Include="VulkanExample.cpp">
      <Filter>Source Files</Filter>
    </ClCompile>
    <ClCompile Include="_gpu_vulkan.cpp">
      <Filter>Source Files</Filter>
    </ClCompile>
    <ClCompile Include="debug.cpp">
      <Filter>Source Files</Filter>
    </ClCompile>
    <ClCompile Include="physical_device.cpp">
      <Filter>Source Files</Filter>
    </ClCompile>
    <ClCompile Include="offscreen_render_pass.cpp">
      <Filter>Source Files</Filter>
    </ClCompile>
    <ClCompile Include="render_target.cpp">
      <Filter>Source Files</Filter>
    </ClCompile>
    <ClCompile Include="swap_chain.cpp">
      <Filter>Source Files</Filter>
    </ClCompile>
    <ClCompile Include="renderer.cpp">
      <Filter>Source Files</Filter>
    </ClCompile>
    <ClCompile Include="pipeline.cpp">
      <Filter>Source Files</Filter>
    </ClCompile>
    <ClCompile Include="descriptors.cpp">
      <Filter>Source Files</Filter>
    </ClCompile>
    <ClCompile Include="memory_buffer.cpp">
      <Filter>Source Files</Filter>
    </ClCompile>
    <ClCompile Include="operating_system\windows.cpp">
      <Filter>Source Files\ibl\operating_system</Filter>
    </ClCompile>
    <ClCompile Include="device.cpp">
      <Filter>Source Files</Filter>
    </ClCompile>
    <ClCompile Include="accumulation_render_pass.cpp">
      <Filter>Source Files</Filter>
    </ClCompile>
    <ClCompile Include="texture.cpp">
      <Filter>Source Files</Filter>
    </ClCompile>
    <ClCompile Include="command_buffer.cpp">
      <Filter>Source Files</Filter>
    </ClCompile>
    <ClCompile Include="layer.cpp">
      <Filter>Source Files</Filter>
    </ClCompile>
    <ClCompile Include="aaa_memory_buffer.cpp">
      <Filter>Source Files</Filter>
    </ClCompile>
    <ClCompile Include="model_buffer.cpp">
      <Filter>Source Files</Filter>
    </ClCompile>
    <ClCompile Include="input_layout.cpp">
      <Filter>Source Files</Filter>
    </ClCompile>
    <ClCompile Include="context_object.cpp">
      <Filter>Source Files</Filter>
    </ClCompile>
    <ClCompile Include="approach_win32.cpp">
      <Filter>Source Files</Filter>
    </ClCompile>
    <ClCompile Include="buffer.cpp">
      <Filter>Source Files</Filter>
    </ClCompile>
    <ClCompile Include="render_pass.cpp">
      <Filter>Source Files</Filter>
    </ClCompile>
    <ClCompile Include="pixmap.cpp">
      <Filter>Source Files</Filter>
    </ClCompile>
    <ClCompile Include="aaa_gltf_model.cpp">
      <Filter>Source Files</Filter>
    </ClCompile>
    <ClCompile Include="queue.cpp">
      <Filter>Source Files</Filter>
    </ClCompile>
    <ClCompile Include="_tinygltf.cpp">
      <Filter>Source Files</Filter>
    </ClCompile>
    <ClCompile Include="vkresult_exception.cpp">
      <Filter>Source Files</Filter>
    </ClCompile>
    <ClCompile Include="ibl\diffuse_irradiance_map.cpp">
      <Filter>Source Files\ibl</Filter>
    </ClCompile>
    <ClCompile Include="ibl\specular_map.cpp">
      <Filter>Source Files\ibl</Filter>
    </ClCompile>
    <ClCompile Include="gltf\mesh.cpp">
      <Filter>Source Files\gltf</Filter>
    </ClCompile>
    <ClCompile Include="gltf\model.cpp">
      <Filter>Source Files\gltf</Filter>
    </ClCompile>
    <ClCompile Include="ibl\equirectangular_cubemap.cpp">
      <Filter>Source Files\ibl</Filter>
    </ClCompile>
    <ClCompile Include="ibl\aaa_cubemap_framebuffer.cpp">
      <Filter>Source Files\ibl</Filter>
    </ClCompile>
    <ClCompile Include="binding.cpp">
      <Filter>Source Files</Filter>
    </ClCompile>
    <ClCompile Include="block.cpp">
      <Filter>Source Files</Filter>
    </ClCompile>
  </ItemGroup>
  <ItemGroup>
    <ResourceCompile Include="deployment.rc">
      <Filter>Resource Files</Filter>
    </ResourceCompile>
  </ItemGroup>
  <ItemGroup>
    <CustomBuild Include="shader\image_blend.frag">
      <Filter>Source Files\shader</Filter>
    </CustomBuild>
    <CustomBuild Include="shader\image_blend.vert">
      <Filter>Source Files\shader</Filter>
    </CustomBuild>
    <CustomBuild Include="shader\shader.frag">
      <Filter>Source Files\shader</Filter>
    </CustomBuild>
    <CustomBuild Include="shader\shader.vert">
      <Filter>Source Files\shader</Filter>
    </CustomBuild>
    <CustomBuild Include="shader\blend2.frag">
      <Filter>Source Files\shader</Filter>
    </CustomBuild>
    <CustomBuild Include="shader\blend2.vert">
      <Filter>Source Files\shader</Filter>
    </CustomBuild>
    <CustomBuild Include="shader\fullscreen.vert">
      <Filter>Source Files\shader</Filter>
    </CustomBuild>
    <CustomBuild Include="shader\fullscreen.frag">
      <Filter>Source Files\shader</Filter>
    </CustomBuild>
    <CustomBuild Include="shader\rectangle.frag">
      <Filter>Source Files\shader</Filter>
    </CustomBuild>
    <CustomBuild Include="shader\rectangle.vert">
      <Filter>Source Files\shader</Filter>
    </CustomBuild>
    <CustomBuild Include="shader\white_to_color.frag">
      <Filter>Source Files\shader</Filter>
    </CustomBuild>
    <CustomBuild Include="shader\white_to_color.vert">
      <Filter>Source Files\shader</Filter>
    </CustomBuild>
    <CustomBuild Include="ibl\shader\brdf_convolution_map.frag">
      <Filter>Source Files\ibl\shader</Filter>
    </CustomBuild>
    <CustomBuild Include="ibl\shader\brdf_convolution_map.vert">
      <Filter>Source Files\ibl\shader</Filter>
    </CustomBuild>
    <CustomBuild Include="ibl\shader\diffuse_irradiance_map.frag">
      <Filter>Source Files\ibl\shader</Filter>
    </CustomBuild>
    <CustomBuild Include="ibl\shader\diffuse_irradiance_map.vert">
      <Filter>Source Files\ibl\shader</Filter>
    </CustomBuild>
    <CustomBuild Include="ibl\shader\equirectangular_cubemap.frag">
      <Filter>Source Files\ibl\shader</Filter>
    </CustomBuild>
    <CustomBuild Include="ibl\shader\equirectangular_cubemap.vert">
      <Filter>Source Files\ibl\shader</Filter>
    </CustomBuild>
    <CustomBuild Include="ibl\shader\prefiltered_environment_map.frag">
      <Filter>Source Files\ibl\shader</Filter>
    </CustomBuild>
    <CustomBuild Include="ibl\shader\prefiltered_environment_map.vert">
      <Filter>Source Files\ibl\shader</Filter>
    </CustomBuild>
  </ItemGroup>
  <ItemGroup>
    <None Include="shader\image_blend.frag.spv.inl">
      <Filter>Header Files\shader</Filter>
    </None>
    <None Include="shader\image_blend.vert.spv.inl">
      <Filter>Header Files\shader</Filter>
    </None>
    <None Include="shader\shader.frag.spv.inl">
      <Filter>Header Files\shader</Filter>
    </None>
    <None Include="shader\shader.vert.spv.inl">
      <Filter>Header Files\shader</Filter>
    </None>
    <None Include="shader\blend2.frag.spv.inl">
      <Filter>Header Files\shader</Filter>
    </None>
    <None Include="shader\blend2.vert.spv.inl">
      <Filter>Header Files\shader</Filter>
    </None>
    <None Include="shader\rectangle.vert.spv.inl">
      <Filter>Header Files\shader</Filter>
    </None>
    <None Include="shader\rectangle.frag.spv.inl">
      <Filter>Header Files\shader</Filter>
    </None>
    <None Include="shader\white_to_color.vert.spv.inl">
      <Filter>Header Files\shader</Filter>
    </None>
    <None Include="shader\white_to_color.frag.spv.inl">
      <Filter>Header Files\shader</Filter>
    </None>
    <None Include="ibl\shader\diffuseirradiance.frag.spv.inl">
      <Filter>Header Files\ibl\shader</Filter>
    </None>
    <None Include="ibl\shader\diffuseirradiance.vert.spv.inl">
      <Filter>Header Files\ibl\shader</Filter>
    </None>
    <None Include="ibl\shader\hdricube.frag.spv.inl">
      <Filter>Header Files\ibl\shader</Filter>
    </None>
    <None Include="ibl\shader\hdricube.vert.spv.inl">
      <Filter>Header Files\ibl\shader</Filter>
    </None>
    <None Include="ibl\_aaa\aaa_cubemap_framebuffer.cpp">
      <Filter>Source Files\ibl\_aaa</Filter>
    </None>
    <None Include="ibl\_aaa\aaa_cubemap_framebuffer.h">
      <Filter>Source Files\ibl\_aaa</Filter>
    </None>
    <None Include="ibl\_aaa\aaa_hdri_cube.cpp">
      <Filter>Source Files\ibl\_aaa</Filter>
    </None>
    <None Include="ibl\_aaa\aaa_hdri_cube.h">
      <Filter>Source Files\ibl\_aaa</Filter>
    </None>
  </ItemGroup>
</Project>