// !$*UTF8*$!
{
	archiveVersion = 1;
	classes = {
	};
	objectVersion = 77;
	objects = {

/* Begin PBXBuildFile section */
		9A20609C2F23391600D162D8 /* scene.cpp in Sources */ = {isa = PBXBuildFile; fileRef = 9A9125522F23268B002F52F3 /* scene.cpp */; };
		9A4332E12F232A5A00705FD8 /* libacme.dylib in Frameworks */ = {isa = PBXBuildFile; fileRef = 9A4332E02F232A5A00705FD8 /* libacme.dylib */; };
		9A4332E32F232A5A00705FD8 /* libapex.dylib in Frameworks */ = {isa = PBXBuildFile; fileRef = 9A4332E22F232A5A00705FD8 /* libapex.dylib */; };
		9A4332E52F232A5A00705FD8 /* libaqua.dylib in Frameworks */ = {isa = PBXBuildFile; fileRef = 9A4332E42F232A5A00705FD8 /* libaqua.dylib */; };
		9A4332E72F232A5A00705FD8 /* libaura.dylib in Frameworks */ = {isa = PBXBuildFile; fileRef = 9A4332E62F232A5A00705FD8 /* libaura.dylib */; };
		9A4332E92F232A5A00705FD8 /* libaxis.dylib in Frameworks */ = {isa = PBXBuildFile; fileRef = 9A4332E82F232A5A00705FD8 /* libaxis.dylib */; };
		9A4332EB2F232A5A00705FD8 /* libberg.dylib in Frameworks */ = {isa = PBXBuildFile; fileRef = 9A4332EA2F232A5A00705FD8 /* libberg.dylib */; };
		9A4332ED2F232A5A00705FD8 /* libbred.dylib in Frameworks */ = {isa = PBXBuildFile; fileRef = 9A4332EC2F232A5A00705FD8 /* libbred.dylib */; };
		9A4332F02F232A5A00705FD8 /* libgpu.dylib in Frameworks */ = {isa = PBXBuildFile; fileRef = 9A4332EF2F232A5A00705FD8 /* libgpu.dylib */; };
		9ACFC3612F2328FB002E974E /* gltf_render_system.cpp in Sources */ = {isa = PBXBuildFile; fileRef = 9A9125312F23268B002F52F3 /* gltf_render_system.cpp */; };
		9ACFC3622F2328FB002E974E /* scene_render_system.cpp in Sources */ = {isa = PBXBuildFile; fileRef = 9A9125352F23268B002F52F3 /* scene_render_system.cpp */; };
		9ACFC3632F2328FB002E974E /* pbr_with_ibl_render_system.cpp in Sources */ = {isa = PBXBuildFile; fileRef = 9A9125332F23268B002F52F3 /* pbr_with_ibl_render_system.cpp */; };
/* End PBXBuildFile section */

/* Begin PBXContainerItemProxy section */
		9A4332EE2F232A5A00705FD8 /* PBXContainerItemProxy */ = {
			isa = PBXContainerItemProxy;
			containerPortal = 9A9126362F232813002F52F3 /* gpu.xcodeproj */;
			proxyType = 2;
			remoteGlobalIDString = 9A9124E12F2325C8002F52F3;
			remoteInfo = gpu;
		};
		9ACFC35F2F23284E002E974E /* PBXContainerItemProxy */ = {
			isa = PBXContainerItemProxy;
			containerPortal = 9A9126362F232813002F52F3 /* gpu.xcodeproj */;
			proxyType = 1;
			remoteGlobalIDString = 9A9124E02F2325C8002F52F3;
			remoteInfo = gpu;
		};
/* End PBXContainerItemProxy section */

/* Begin PBXFileReference section */
		9A4332E02F232A5A00705FD8 /* libacme.dylib */ = {isa = PBXFileReference; explicitFileType = "compiled.mach-o.dylib"; path = libacme.dylib; sourceTree = BUILT_PRODUCTS_DIR; };
		9A4332E22F232A5A00705FD8 /* libapex.dylib */ = {isa = PBXFileReference; explicitFileType = "compiled.mach-o.dylib"; path = libapex.dylib; sourceTree = BUILT_PRODUCTS_DIR; };
		9A4332E42F232A5A00705FD8 /* libaqua.dylib */ = {isa = PBXFileReference; explicitFileType = "compiled.mach-o.dylib"; path = libaqua.dylib; sourceTree = BUILT_PRODUCTS_DIR; };
		9A4332E62F232A5A00705FD8 /* libaura.dylib */ = {isa = PBXFileReference; explicitFileType = "compiled.mach-o.dylib"; path = libaura.dylib; sourceTree = BUILT_PRODUCTS_DIR; };
		9A4332E82F232A5A00705FD8 /* libaxis.dylib */ = {isa = PBXFileReference; explicitFileType = "compiled.mach-o.dylib"; path = libaxis.dylib; sourceTree = BUILT_PRODUCTS_DIR; };
		9A4332EA2F232A5A00705FD8 /* libberg.dylib */ = {isa = PBXFileReference; explicitFileType = "compiled.mach-o.dylib"; path = libberg.dylib; sourceTree = BUILT_PRODUCTS_DIR; };
		9A4332EC2F232A5A00705FD8 /* libbred.dylib */ = {isa = PBXFileReference; explicitFileType = "compiled.mach-o.dylib"; path = libbred.dylib; sourceTree = BUILT_PRODUCTS_DIR; };
		9A9124D12F2325B9002F52F3 /* libgraphics3d.dylib */ = {isa = PBXFileReference; explicitFileType = "compiled.mach-o.dylib"; includeInIndex = 0; path = libgraphics3d.dylib; sourceTree = BUILT_PRODUCTS_DIR; };
		9A9124E92F23268B002F52F3 /* _.h */ = {isa = PBXFileReference; lastKnownFileType = sourcecode.c.h; path = _.h; sourceTree = "<group>"; };
		9A9124EA2F23268B002F52F3 /* _.cpp */ = {isa = PBXFileReference; lastKnownFileType = sourcecode.cpp.cpp; path = _.cpp; sourceTree = "<group>"; };
		9A9124EB2F23268B002F52F3 /* _____debug.xcconfig */ = {isa = PBXFileReference; lastKnownFileType = text.xcconfig; path = "_____debug.xcconfig"; sourceTree = "<group>"; };
		9A9124EC2F23268B002F52F3 /* _____release.xcconfig */ = {isa = PBXFileReference; lastKnownFileType = text.xcconfig; path = "_____release.xcconfig"; sourceTree = "<group>"; };
		9A9124ED2F23268B002F52F3 /* __defer.h */ = {isa = PBXFileReference; lastKnownFileType = sourcecode.c.h; path = __defer.h; sourceTree = "<group>"; };
		9A9124EE2F23268B002F52F3 /* _audio.h */ = {isa = PBXFileReference; lastKnownFileType = sourcecode.c.h; path = _audio.h; sourceTree = "<group>"; };
		9A9124EF2F23268B002F52F3 /* _constant.h */ = {isa = PBXFileReference; lastKnownFileType = sourcecode.c.h; path = _constant.h; sourceTree = "<group>"; };
		9A9124F02F23268B002F52F3 /* _estamira.h */ = {isa = PBXFileReference; lastKnownFileType = sourcecode.c.h; path = _estamira.h; sourceTree = "<group>"; };
		9A9124F22F23268B002F52F3 /* _sandbox_interfaces.h */ = {isa = PBXFileReference; lastKnownFileType = sourcecode.c.h; path = _sandbox_interfaces.h; sourceTree = "<group>"; };
		9A9124F32F23268B002F52F3 /* _types.h */ = {isa = PBXFileReference; lastKnownFileType = sourcecode.c.h; path = _types.h; sourceTree = "<group>"; };
		9A9124F42F23268B002F52F3 /* asset_manager.h */ = {isa = PBXFileReference; lastKnownFileType = sourcecode.c.h; path = asset_manager.h; sourceTree = "<group>"; };
		9A9124F52F23268B002F52F3 /* assimp_iosystem.h */ = {isa = PBXFileReference; lastKnownFileType = sourcecode.c.h; path = assimp_iosystem.h; sourceTree = "<group>"; };
		9A9124F62F23268B002F52F3 /* camera.h */ = {isa = PBXFileReference; lastKnownFileType = sourcecode.c.h; path = camera.h; sourceTree = "<group>"; };
		9A9124F72F23268B002F52F3 /* camera1.h */ = {isa = PBXFileReference; lastKnownFileType = sourcecode.c.h; path = camera1.h; sourceTree = "<group>"; };
		9A9124F82F23268B002F52F3 /* class_set.h */ = {isa = PBXFileReference; lastKnownFileType = sourcecode.c.h; path = class_set.h; sourceTree = "<group>"; };
		9A9124F92F23268B002F52F3 /* class_set1.h */ = {isa = PBXFileReference; lastKnownFileType = sourcecode.c.h; path = class_set1.h; sourceTree = "<group>"; };
		9A9124FC2F23268B002F52F3 /* engine.h */ = {isa = PBXFileReference; lastKnownFileType = sourcecode.c.h; path = engine.h; sourceTree = "<group>"; };
		9A9124FD2F23268B002F52F3 /* entity.h */ = {isa = PBXFileReference; lastKnownFileType = sourcecode.c.h; path = entity.h; sourceTree = "<group>"; };
		9A9124FE2F23268B002F52F3 /* frame.h */ = {isa = PBXFileReference; lastKnownFileType = sourcecode.c.h; path = frame.h; sourceTree = "<group>"; };
		9A9124FF2F23268B002F52F3 /* framework.h */ = {isa = PBXFileReference; lastKnownFileType = sourcecode.c.h; path = framework.h; sourceTree = "<group>"; };
		9A9125002F23268B002F52F3 /* framework.cpp */ = {isa = PBXFileReference; lastKnownFileType = sourcecode.cpp.cpp; path = framework.cpp; sourceTree = "<group>"; };
		9A9125062F23268B002F52F3 /* game_object.h */ = {isa = PBXFileReference; lastKnownFileType = sourcecode.c.h; path = game_object.h; sourceTree = "<group>"; };
		9A91250F2F23268B002F52F3 /* immersion_layer.h */ = {isa = PBXFileReference; lastKnownFileType = sourcecode.c.h; path = immersion_layer.h; sourceTree = "<group>"; };
		9A9125102F23268B002F52F3 /* input.h */ = {isa = PBXFileReference; lastKnownFileType = sourcecode.c.h; path = input.h; sourceTree = "<group>"; };
		9A9125112F23268B002F52F3 /* input1.h */ = {isa = PBXFileReference; lastKnownFileType = sourcecode.c.h; path = input1.h; sourceTree = "<group>"; };
		9A9125122F23268B002F52F3 /* key_map.h */ = {isa = PBXFileReference; lastKnownFileType = sourcecode.c.h; path = key_map.h; sourceTree = "<group>"; };
		9A9125132F23268B002F52F3 /* mesh.h */ = {isa = PBXFileReference; lastKnownFileType = sourcecode.c.h; path = mesh.h; sourceTree = "<group>"; };
		9A9125142F23268B002F52F3 /* model.h */ = {isa = PBXFileReference; lastKnownFileType = sourcecode.c.h; path = model.h; sourceTree = "<group>"; };
		9A9125182F23268B002F52F3 /* point_light.h */ = {isa = PBXFileReference; lastKnownFileType = sourcecode.c.h; path = point_light.h; sourceTree = "<group>"; };
		9A91252D2F23268B002F52F3 /* provider.h */ = {isa = PBXFileReference; lastKnownFileType = sourcecode.c.h; path = provider.h; sourceTree = "<group>"; };
		9A91252F2F23268B002F52F3 /* render_system.h */ = {isa = PBXFileReference; lastKnownFileType = sourcecode.c.h; path = render_system.h; sourceTree = "<group>"; };
		9A9125302F23268B002F52F3 /* gltf_render_system.h */ = {isa = PBXFileReference; lastKnownFileType = sourcecode.c.h; path = gltf_render_system.h; sourceTree = "<group>"; };
		9A9125312F23268B002F52F3 /* gltf_render_system.cpp */ = {isa = PBXFileReference; lastKnownFileType = sourcecode.cpp.cpp; path = gltf_render_system.cpp; sourceTree = "<group>"; };
		9A9125322F23268B002F52F3 /* pbr_with_ibl_render_system.h */ = {isa = PBXFileReference; lastKnownFileType = sourcecode.c.h; path = pbr_with_ibl_render_system.h; sourceTree = "<group>"; };
		9A9125332F23268B002F52F3 /* pbr_with_ibl_render_system.cpp */ = {isa = PBXFileReference; lastKnownFileType = sourcecode.cpp.cpp; path = pbr_with_ibl_render_system.cpp; sourceTree = "<group>"; };
		9A9125342F23268B002F52F3 /* scene_render_system.h */ = {isa = PBXFileReference; lastKnownFileType = sourcecode.c.h; path = scene_render_system.h; sourceTree = "<group>"; };
		9A9125352F23268B002F52F3 /* scene_render_system.cpp */ = {isa = PBXFileReference; lastKnownFileType = sourcecode.cpp.cpp; path = scene_render_system.cpp; sourceTree = "<group>"; };
		9A9125372F23268B002F52F3 /* renderable.h */ = {isa = PBXFileReference; lastKnownFileType = sourcecode.c.h; path = renderable.h; sourceTree = "<group>"; };
		9A9125382F23268B002F52F3 /* renderer.h */ = {isa = PBXFileReference; lastKnownFileType = sourcecode.c.h; path = renderer.h; sourceTree = "<group>"; };
		9A9125392F23268B002F52F3 /* resource.h */ = {isa = PBXFileReference; lastKnownFileType = sourcecode.c.h; path = resource.h; sourceTree = "<group>"; };
		9A9125512F23268B002F52F3 /* scene.h */ = {isa = PBXFileReference; lastKnownFileType = sourcecode.c.h; path = scene.h; sourceTree = "<group>"; };
		9A9125522F23268B002F52F3 /* scene.cpp */ = {isa = PBXFileReference; lastKnownFileType = sourcecode.cpp.cpp; path = scene.cpp; sourceTree = "<group>"; };
		9A9125532F23268B002F52F3 /* scene_object.h */ = {isa = PBXFileReference; lastKnownFileType = sourcecode.c.h; path = scene_object.h; sourceTree = "<group>"; };
		9A9125542F23268B002F52F3 /* shape_factory.h */ = {isa = PBXFileReference; lastKnownFileType = sourcecode.c.h; path = shape_factory.h; sourceTree = "<group>"; };
		9A9125552F23268B002F52F3 /* shapes.h */ = {isa = PBXFileReference; lastKnownFileType = sourcecode.c.h; path = shapes.h; sourceTree = "<group>"; };
		9A9125562F23268B002F52F3 /* skybox.h */ = {isa = PBXFileReference; lastKnownFileType = sourcecode.c.h; path = skybox.h; sourceTree = "<group>"; };
		9A9125572F23268B002F52F3 /* static_array.h */ = {isa = PBXFileReference; lastKnownFileType = sourcecode.c.h; path = static_array.h; sourceTree = "<group>"; };
		9A9125582F23268B002F52F3 /* type.h */ = {isa = PBXFileReference; lastKnownFileType = sourcecode.c.h; path = type.h; sourceTree = "<group>"; };
		9A9125592F23268B002F52F3 /* types.h */ = {isa = PBXFileReference; lastKnownFileType = sourcecode.c.h; path = types.h; sourceTree = "<group>"; };
		9A91255D2F23268B002F52F3 /* utilities.h */ = {isa = PBXFileReference; lastKnownFileType = sourcecode.c.h; path = utilities.h; sourceTree = "<group>"; };
		9A91255E2F23268B002F52F3 /* window_input.h */ = {isa = PBXFileReference; lastKnownFileType = sourcecode.c.h; path = window_input.h; sourceTree = "<group>"; };
		9A9126362F232813002F52F3 /* gpu.xcodeproj */ = {isa = PBXFileReference; lastKnownFileType = "wrapper.pb-project"; name = gpu.xcodeproj; path = ../../app/gpu/gpu.xcodeproj; sourceTree = SOURCE_ROOT; };
/* End PBXFileReference section */

/* Begin PBXFrameworksBuildPhase section */
		9A9124CF2F2325B9002F52F3 /* Frameworks */ = {
			isa = PBXFrameworksBuildPhase;
			buildActionMask = 2147483647;
			files = (
				9A4332F02F232A5A00705FD8 /* libgpu.dylib in Frameworks */,
				9A4332E12F232A5A00705FD8 /* libacme.dylib in Frameworks */,
				9A4332E32F232A5A00705FD8 /* libapex.dylib in Frameworks */,
				9A4332E52F232A5A00705FD8 /* libaqua.dylib in Frameworks */,
				9A4332E72F232A5A00705FD8 /* libaura.dylib in Frameworks */,
				9A4332E92F232A5A00705FD8 /* libaxis.dylib in Frameworks */,
				9A4332EB2F232A5A00705FD8 /* libberg.dylib in Frameworks */,
				9A4332ED2F232A5A00705FD8 /* libbred.dylib in Frameworks */,
			);
			runOnlyForDeploymentPostprocessing = 0;
		};
/* End PBXFrameworksBuildPhase section */

/* Begin PBXGroup section */
		9A4332DF2F232A5A00705FD8 /* Frameworks */ = {
			isa = PBXGroup;
			children = (
				9A4332E02F232A5A00705FD8 /* libacme.dylib */,
				9A4332E22F232A5A00705FD8 /* libapex.dylib */,
				9A4332E42F232A5A00705FD8 /* libaqua.dylib */,
				9A4332E62F232A5A00705FD8 /* libaura.dylib */,
				9A4332E82F232A5A00705FD8 /* libaxis.dylib */,
				9A4332EA2F232A5A00705FD8 /* libberg.dylib */,
				9A4332EC2F232A5A00705FD8 /* libbred.dylib */,
			);
			name = Frameworks;
			sourceTree = "<group>";
		};
		9A9124C82F2325B9002F52F3 = {
			isa = PBXGroup;
			children = (
				9A9126362F232813002F52F3 /* gpu.xcodeproj */,
				9A9124E82F232669002F52F3 /* graphics3d */,
				9A4332DF2F232A5A00705FD8 /* Frameworks */,
				9A9124D22F2325B9002F52F3 /* Products */,
			);
			sourceTree = "<group>";
		};
		9A9124D22F2325B9002F52F3 /* Products */ = {
			isa = PBXGroup;
			children = (
				9A9124D12F2325B9002F52F3 /* libgraphics3d.dylib */,
			);
			name = Products;
			sourceTree = "<group>";
		};
		9A9124E82F232669002F52F3 /* graphics3d */ = {
			isa = PBXGroup;
			children = (
				9A9125362F23268B002F52F3 /* render_system */,
				9A9124EB2F23268B002F52F3 /* _____debug.xcconfig */,
				9A9124EC2F23268B002F52F3 /* _____release.xcconfig */,
				9A9124E92F23268B002F52F3 /* _.h */,
				9A9124EA2F23268B002F52F3 /* _.cpp */,
				9A9124ED2F23268B002F52F3 /* __defer.h */,
				9A9124EE2F23268B002F52F3 /* _audio.h */,
				9A9124EF2F23268B002F52F3 /* _constant.h */,
				9A9124F02F23268B002F52F3 /* _estamira.h */,
				9A9124F22F23268B002F52F3 /* _sandbox_interfaces.h */,
				9A9124F32F23268B002F52F3 /* _types.h */,
				9A9124F42F23268B002F52F3 /* asset_manager.h */,
				9A9124F52F23268B002F52F3 /* assimp_iosystem.h */,
				9A9124F62F23268B002F52F3 /* camera.h */,
				9A9124F72F23268B002F52F3 /* camera1.h */,
				9A9124F82F23268B002F52F3 /* class_set.h */,
				9A9124F92F23268B002F52F3 /* class_set1.h */,
				9A9124FC2F23268B002F52F3 /* engine.h */,
				9A9124FD2F23268B002F52F3 /* entity.h */,
				9A9124FE2F23268B002F52F3 /* frame.h */,
				9A9124FF2F23268B002F52F3 /* framework.h */,
				9A9125062F23268B002F52F3 /* game_object.h */,
				9A9125002F23268B002F52F3 /* framework.cpp */,
				9A91250F2F23268B002F52F3 /* immersion_layer.h */,
				9A9125102F23268B002F52F3 /* input.h */,
				9A9125112F23268B002F52F3 /* input1.h */,
				9A9125122F23268B002F52F3 /* key_map.h */,
				9A9125132F23268B002F52F3 /* mesh.h */,
				9A9125142F23268B002F52F3 /* model.h */,
				9A9125182F23268B002F52F3 /* point_light.h */,
				9A91252D2F23268B002F52F3 /* provider.h */,
				9A91252F2F23268B002F52F3 /* render_system.h */,
				9A9125372F23268B002F52F3 /* renderable.h */,
				9A9125382F23268B002F52F3 /* renderer.h */,
				9A9125392F23268B002F52F3 /* resource.h */,
				9A9125512F23268B002F52F3 /* scene.h */,
				9A9125522F23268B002F52F3 /* scene.cpp */,
				9A9125532F23268B002F52F3 /* scene_object.h */,
				9A9125542F23268B002F52F3 /* shape_factory.h */,
				9A9125552F23268B002F52F3 /* shapes.h */,
				9A9125562F23268B002F52F3 /* skybox.h */,
				9A9125572F23268B002F52F3 /* static_array.h */,
				9A9125582F23268B002F52F3 /* type.h */,
				9A9125592F23268B002F52F3 /* types.h */,
				9A91255D2F23268B002F52F3 /* utilities.h */,
				9A91255E2F23268B002F52F3 /* window_input.h */,
			);
			name = graphics3d;
			sourceTree = "<group>";
		};
		9A9125362F23268B002F52F3 /* render_system */ = {
			isa = PBXGroup;
			children = (
				9A9125302F23268B002F52F3 /* gltf_render_system.h */,
				9A9125312F23268B002F52F3 /* gltf_render_system.cpp */,
				9A9125322F23268B002F52F3 /* pbr_with_ibl_render_system.h */,
				9A9125332F23268B002F52F3 /* pbr_with_ibl_render_system.cpp */,
				9A9125342F23268B002F52F3 /* scene_render_system.h */,
				9A9125352F23268B002F52F3 /* scene_render_system.cpp */,
			);
			path = render_system;
			sourceTree = "<group>";
		};
		9ACFC35A2F232846002E974E /* Products */ = {
			isa = PBXGroup;
			children = (
				9A4332EF2F232A5A00705FD8 /* libgpu.dylib */,
			);
			name = Products;
			sourceTree = "<group>";
		};
/* End PBXGroup section */

/* Begin PBXHeadersBuildPhase section */
		9A9124CD2F2325B9002F52F3 /* Headers */ = {
			isa = PBXHeadersBuildPhase;
			buildActionMask = 2147483647;
			files = (
			);
			runOnlyForDeploymentPostprocessing = 0;
		};
/* End PBXHeadersBuildPhase section */

/* Begin PBXNativeTarget section */
		9A9124D02F2325B9002F52F3 /* graphics3d */ = {
			isa = PBXNativeTarget;
			buildConfigurationList = 9A9124D52F2325B9002F52F3 /* Build configuration list for PBXNativeTarget "graphics3d" */;
			buildPhases = (
				9A9124CD2F2325B9002F52F3 /* Headers */,
				9A9124CE2F2325B9002F52F3 /* Sources */,
				9A9124CF2F2325B9002F52F3 /* Frameworks */,
				9AE034602F234199003579EA /* ShellScript */,
			);
			buildRules = (
			);
			dependencies = (
				9ACFC3602F23284E002E974E /* PBXTargetDependency */,
			);
			name = graphics3d;
			packageProductDependencies = (
			);
			productName = graphics3d;
			productReference = 9A9124D12F2325B9002F52F3 /* libgraphics3d.dylib */;
			productType = "com.apple.product-type.library.dynamic";
		};
/* End PBXNativeTarget section */

/* Begin PBXProject section */
		9A9124C92F2325B9002F52F3 /* Project object */ = {
			isa = PBXProject;
			attributes = {
				BuildIndependentTargetsInParallel = 1;
				LastUpgradeCheck = 2620;
				TargetAttributes = {
					9A9124D02F2325B9002F52F3 = {
						CreatedOnToolsVersion = 26.2;
					};
				};
			};
			buildConfigurationList = 9A9124CC2F2325B9002F52F3 /* Build configuration list for PBXProject "graphics3d" */;
			developmentRegion = en;
			hasScannedForEncodings = 0;
			knownRegions = (
				en,
				Base,
			);
			mainGroup = 9A9124C82F2325B9002F52F3;
			minimizedProjectReferenceProxies = 1;
			preferredProjectObjectVersion = 77;
			productRefGroup = 9A9124D22F2325B9002F52F3 /* Products */;
			projectDirPath = "";
			projectReferences = (
				{
					ProductGroup = 9ACFC35A2F232846002E974E /* Products */;
					ProjectRef = 9A9126362F232813002F52F3 /* gpu.xcodeproj */;
				},
			);
			projectRoot = "";
			targets = (
				9A9124D02F2325B9002F52F3 /* graphics3d */,
			);
		};
/* End PBXProject section */

/* Begin PBXReferenceProxy section */
		9A4332EF2F232A5A00705FD8 /* libgpu.dylib */ = {
			isa = PBXReferenceProxy;
			fileType = "compiled.mach-o.dylib";
			path = libgpu.dylib;
			remoteRef = 9A4332EE2F232A5A00705FD8 /* PBXContainerItemProxy */;
			sourceTree = BUILT_PRODUCTS_DIR;
		};
/* End PBXReferenceProxy section */

/* Begin PBXShellScriptBuildPhase section */
		9AE034602F234199003579EA /* ShellScript */ = {
			isa = PBXShellScriptBuildPhase;
			buildActionMask = 2147483647;
			files = (
			);
			inputFileListPaths = (
			);
			inputPaths = (
				"$(BUILT_PRODUCTS_DIR)/$(EXECUTABLE_NAME)",
				"$(WorkspaceDir)/output_copy.txt",
			);
			outputFileListPaths = (
			);
			outputPaths = (
				"$(WorkspaceDir)/time-$(PLATFORM_MODIFIER)/output/$(EXECUTABLE_NAME)",
			);
			runOnlyForDeploymentPostprocessing = 0;
			shellPath = /bin/sh;
			shellScript = ". $HOME/code/operating_system/tool/bin/_on_after_build_dylib\n";
		};
/* End PBXShellScriptBuildPhase section */

/* Begin PBXSourcesBuildPhase section */
		9A9124CE2F2325B9002F52F3 /* Sources */ = {
			isa = PBXSourcesBuildPhase;
			buildActionMask = 2147483647;
			files = (
				9A20609C2F23391600D162D8 /* scene.cpp in Sources */,
				9ACFC3612F2328FB002E974E /* gltf_render_system.cpp in Sources */,
				9ACFC3622F2328FB002E974E /* scene_render_system.cpp in Sources */,
				9ACFC3632F2328FB002E974E /* pbr_with_ibl_render_system.cpp in Sources */,
			);
			runOnlyForDeploymentPostprocessing = 0;
		};
/* End PBXSourcesBuildPhase section */

/* Begin PBXTargetDependency section */
		9ACFC3602F23284E002E974E /* PBXTargetDependency */ = {
			isa = PBXTargetDependency;
			name = gpu;
			targetProxy = 9ACFC35F2F23284E002E974E /* PBXContainerItemProxy */;
		};
/* End PBXTargetDependency section */

/* Begin XCBuildConfiguration section */
		9A9124D32F2325B9002F52F3 /* Debug */ = {
			isa = XCBuildConfiguration;
			baseConfigurationReference = 9A9124EB2F23268B002F52F3 /* _____debug.xcconfig */;
			buildSettings = {
				ALWAYS_SEARCH_USER_PATHS = NO;
				ASSETCATALOG_COMPILER_GENERATE_SWIFT_ASSET_SYMBOL_EXTENSIONS = YES;
				CLANG_ANALYZER_DEADCODE_DEADSTORES = YES;
				CLANG_ANALYZER_GCD = YES;
				CLANG_ANALYZER_LOCALIZABILITY_NONLOCALIZED = YES;
				CLANG_ANALYZER_MEMORY_MANAGEMENT = YES;
				CLANG_ANALYZER_NONNULL = YES;
				CLANG_ANALYZER_NUMBER_OBJECT_CONVERSION = YES_AGGRESSIVE;
				CLANG_CXX_LANGUAGE_STANDARD = "c++20";
				CLANG_ENABLE_MODULES = YES;
				CLANG_ENABLE_OBJC_ARC = YES;
				CLANG_ENABLE_OBJC_WEAK = YES;
				CLANG_STATIC_ANALYZER_MODE = deep;
				CLANG_STATIC_ANALYZER_MODE_ON_ANALYZE_ACTION = deep;
				CLANG_WARN_BLOCK_CAPTURE_AUTORELEASING = YES;
				CLANG_WARN_BOOL_CONVERSION = NO;
				CLANG_WARN_COMMA = YES;
				CLANG_WARN_CONSTANT_CONVERSION = NO;
				CLANG_WARN_DEPRECATED_OBJC_IMPLEMENTATIONS = YES;
				CLANG_WARN_DIRECT_OBJC_ISA_USAGE = YES;
				CLANG_WARN_DOCUMENTATION_COMMENTS = YES;
				CLANG_WARN_EMPTY_BODY = NO;
				CLANG_WARN_ENUM_CONVERSION = NO;
				CLANG_WARN_INFINITE_RECURSION = YES;
				CLANG_WARN_INT_CONVERSION = NO;
				CLANG_WARN_NON_LITERAL_NULL_CONVERSION = YES;
				CLANG_WARN_OBJC_IMPLICIT_RETAIN_SELF = YES;
				CLANG_WARN_OBJC_LITERAL_CONVERSION = YES;
				CLANG_WARN_OBJC_ROOT_CLASS = YES_ERROR;
				CLANG_WARN_PRAGMA_PACK = NO;
				CLANG_WARN_QUOTED_INCLUDE_IN_FRAMEWORK_HEADER = YES;
				CLANG_WARN_RANGE_LOOP_ANALYSIS = YES;
				CLANG_WARN_STRICT_PROTOTYPES = YES;
				CLANG_WARN_SUSPICIOUS_MOVE = YES;
				CLANG_WARN_UNGUARDED_AVAILABILITY = YES_AGGRESSIVE;
				CLANG_WARN_UNREACHABLE_CODE = YES;
				CLANG_WARN__DUPLICATE_METHOD_MATCH = NO;
				COPY_PHASE_STRIP = NO;
				DEBUG_INFORMATION_FORMAT = "dwarf-with-dsym";
				DEPLOYMENT_POSTPROCESSING = YES;
				DEVELOPMENT_TEAM = HS8735NRM5;
				ENABLE_STRICT_OBJC_MSGSEND = YES;
				ENABLE_TESTABILITY = YES;
				ENABLE_USER_SCRIPT_SANDBOXING = YES;
				EXECUTABLE_EXTENSION = dylib;
				EXECUTABLE_PREFIX = lib;
				GCC_C_LANGUAGE_STANDARD = c11;
				GCC_DYNAMIC_NO_PIC = NO;
				GCC_INCREASE_PRECOMPILED_HEADER_SHARING = NO;
				GCC_NO_COMMON_BLOCKS = YES;
				GCC_OPTIMIZATION_LEVEL = 0;
				GCC_PRECOMPILE_PREFIX_HEADER = YES;
				GCC_PREFIX_HEADER = framework.h;
				GCC_PREPROCESSOR_DEFINITIONS = "$(inherited)";
				GCC_SYMBOLS_PRIVATE_EXTERN = NO;
				GCC_VERSION = "";
				GCC_WARN_64_TO_32_BIT_CONVERSION = NO;
				"GCC_WARN_64_TO_32_BIT_CONVERSION[arch=*64]" = YES;
				GCC_WARN_ABOUT_DEPRECATED_FUNCTIONS = NO;
				GCC_WARN_ABOUT_POINTER_SIGNEDNESS = YES;
				GCC_WARN_ABOUT_RETURN_TYPE = NO;
				GCC_WARN_UNDECLARED_SELECTOR = NO;
				GCC_WARN_UNINITIALIZED_AUTOS = NO;
				GCC_WARN_UNUSED_FUNCTION = NO;
				GCC_WARN_UNUSED_VARIABLE = NO;
				HEADER_SEARCH_PATHS = "";
				INSTALL_PATH = "@executable_path";
				LD_RUNPATH_SEARCH_PATHS = "@executable_path";
				LIBRARY_SEARCH_PATHS = (
					"$(inherited)",
					"$(WorkspaceDir)/../operating_system/storage-$(PLATFORM_MODIFIER)/$(CONFIGURATION)/library",
				);
				LOCALIZATION_PREFERS_STRING_CATALOGS = YES;
				MTL_ENABLE_DEBUG_INFO = INCLUDE_SOURCE;
				MTL_FAST_MATH = YES;
				ONLY_ACTIVE_ARCH = YES;
				OTHER_LDFLAGS = "-all_load";
				PRODUCT_NAME = "$(TARGET_NAME)";
				RUN_CLANG_STATIC_ANALYZER = NO;
				SDKROOT = macosx;
				SKIP_INSTALL = YES;
				SYSTEM_HEADER_SEARCH_PATHS = (
					"$(WorkspaceDir)/operating_system/operating_system-$(PLATFORM_MODIFIER)/include",
					"$(WorkspaceDir)/operating_system/operating_system-$(PLATFORM_MODIFIER)/configuration",
					"$(WorkspaceDir)/port/include",
					"$(WorkspaceDir)/source/app/include",
				);
				USER_HEADER_SEARCH_PATHS = (
					.,
					"$(WorkspaceDir)/source",
					"$(WorkspaceDir)/source/app",
					"$(WorkspaceDir)/source/app/_include",
					"$(WorkspaceDir)/operating_system",
					"$(WorkspaceDir)/operating_system/operating_system-$(PLATFORM_MODIFIER)",
					"$(WorkspaceDir)/operating_system/operating_system-$(PLATFORM_MODIFIER)/configuration_selection/$(CONFIGURATION)",
					"$(WorkspaceDir)/port/_",
					"$(PROJECT_DIR)",
					"$(PROJECT_DIR)/..",
					"$(PROJECT_DIR)/../..",
					"$(HOME)/sensitive/sensitive/include",
				);
				USE_HEADERMAP = NO;
				VALIDATE_PRODUCT = YES;
				WARNING_CFLAGS = "";
				WorkspaceDir = "$(SRCROOT)/../../..";
			};
			name = Debug;
		};
		9A9124D42F2325B9002F52F3 /* Release */ = {
			isa = XCBuildConfiguration;
			baseConfigurationReference = 9A9124EC2F23268B002F52F3 /* _____release.xcconfig */;
			buildSettings = {
				ALWAYS_SEARCH_USER_PATHS = NO;
				ASSETCATALOG_COMPILER_GENERATE_SWIFT_ASSET_SYMBOL_EXTENSIONS = YES;
				CLANG_ANALYZER_DEADCODE_DEADSTORES = YES;
				CLANG_ANALYZER_GCD = YES;
				CLANG_ANALYZER_LOCALIZABILITY_NONLOCALIZED = YES;
				CLANG_ANALYZER_MEMORY_MANAGEMENT = YES;
				CLANG_ANALYZER_NONNULL = YES;
				CLANG_ANALYZER_NUMBER_OBJECT_CONVERSION = YES_AGGRESSIVE;
				CLANG_CXX_LANGUAGE_STANDARD = "c++20";
				CLANG_ENABLE_MODULES = YES;
				CLANG_ENABLE_OBJC_ARC = YES;
				CLANG_ENABLE_OBJC_WEAK = YES;
				CLANG_STATIC_ANALYZER_MODE = deep;
				CLANG_STATIC_ANALYZER_MODE_ON_ANALYZE_ACTION = deep;
				CLANG_WARN_BLOCK_CAPTURE_AUTORELEASING = YES;
				CLANG_WARN_BOOL_CONVERSION = NO;
				CLANG_WARN_COMMA = YES;
				CLANG_WARN_CONSTANT_CONVERSION = NO;
				CLANG_WARN_DEPRECATED_OBJC_IMPLEMENTATIONS = YES;
				CLANG_WARN_DIRECT_OBJC_ISA_USAGE = YES;
				CLANG_WARN_DOCUMENTATION_COMMENTS = YES;
				CLANG_WARN_EMPTY_BODY = NO;
				CLANG_WARN_ENUM_CONVERSION = NO;
				CLANG_WARN_INFINITE_RECURSION = YES;
				CLANG_WARN_INT_CONVERSION = NO;
				CLANG_WARN_NON_LITERAL_NULL_CONVERSION = YES;
				CLANG_WARN_OBJC_IMPLICIT_RETAIN_SELF = YES;
				CLANG_WARN_OBJC_LITERAL_CONVERSION = YES;
				CLANG_WARN_OBJC_ROOT_CLASS = YES_ERROR;
				CLANG_WARN_PRAGMA_PACK = NO;
				CLANG_WARN_QUOTED_INCLUDE_IN_FRAMEWORK_HEADER = YES;
				CLANG_WARN_RANGE_LOOP_ANALYSIS = YES;
				CLANG_WARN_STRICT_PROTOTYPES = YES;
				CLANG_WARN_SUSPICIOUS_MOVE = YES;
				CLANG_WARN_UNGUARDED_AVAILABILITY = YES_AGGRESSIVE;
				CLANG_WARN_UNREACHABLE_CODE = YES;
				CLANG_WARN__DUPLICATE_METHOD_MATCH = NO;
				COPY_PHASE_STRIP = NO;
				DEBUG_INFORMATION_FORMAT = "dwarf-with-dsym";
				DEPLOYMENT_POSTPROCESSING = YES;
				DEVELOPMENT_TEAM = HS8735NRM5;
				ENABLE_NS_ASSERTIONS = NO;
				ENABLE_STRICT_OBJC_MSGSEND = YES;
				ENABLE_TESTABILITY = YES;
				ENABLE_USER_SCRIPT_SANDBOXING = YES;
				EXECUTABLE_EXTENSION = dylib;
				EXECUTABLE_PREFIX = lib;
				GCC_C_LANGUAGE_STANDARD = c11;
				GCC_INCREASE_PRECOMPILED_HEADER_SHARING = NO;
				GCC_NO_COMMON_BLOCKS = YES;
				GCC_PRECOMPILE_PREFIX_HEADER = YES;
				GCC_PREFIX_HEADER = framework.h;
				GCC_PREPROCESSOR_DEFINITIONS = "";
				GCC_VERSION = "";
				GCC_WARN_64_TO_32_BIT_CONVERSION = NO;
				"GCC_WARN_64_TO_32_BIT_CONVERSION[arch=*64]" = YES;
				GCC_WARN_ABOUT_DEPRECATED_FUNCTIONS = NO;
				GCC_WARN_ABOUT_POINTER_SIGNEDNESS = YES;
				GCC_WARN_ABOUT_RETURN_TYPE = NO;
				GCC_WARN_UNDECLARED_SELECTOR = NO;
				GCC_WARN_UNINITIALIZED_AUTOS = NO;
				GCC_WARN_UNUSED_FUNCTION = NO;
				GCC_WARN_UNUSED_VARIABLE = NO;
				HEADER_SEARCH_PATHS = "";
				INSTALL_PATH = "@executable_path";
				LD_RUNPATH_SEARCH_PATHS = "@executable_path";
				LIBRARY_SEARCH_PATHS = (
					"$(inherited)",
					"$(WorkspaceDir)/../operating_system/storage-$(PLATFORM_MODIFIER)/$(CONFIGURATION)/library",
				);
				LOCALIZATION_PREFERS_STRING_CATALOGS = YES;
				MTL_ENABLE_DEBUG_INFO = NO;
				MTL_FAST_MATH = YES;
				OTHER_LDFLAGS = "-all_load";
				PRODUCT_NAME = "$(TARGET_NAME)";
				RUN_CLANG_STATIC_ANALYZER = NO;
				SDKROOT = macosx;
				SKIP_INSTALL = YES;
				SYSTEM_HEADER_SEARCH_PATHS = (
					"$(WorkspaceDir)/operating_system/operating_system-$(PLATFORM_MODIFIER)/include",
					"$(WorkspaceDir)/operating_system/operating_system-$(PLATFORM_MODIFIER)/configuration",
					"$(WorkspaceDir)/port/include",
					"$(WorkspaceDir)/source/app/include",
				);
				USER_HEADER_SEARCH_PATHS = (
					.,
					"$(WorkspaceDir)/source",
					"$(WorkspaceDir)/source/app",
					"$(WorkspaceDir)/source/app/_include",
					"$(WorkspaceDir)/operating_system",
					"$(WorkspaceDir)/operating_system/operating_system-$(PLATFORM_MODIFIER)",
					"$(WorkspaceDir)/operating_system/operating_system-$(PLATFORM_MODIFIER)/configuration_selection/$(CONFIGURATION)",
					"$(WorkspaceDir)/port/_",
					"$(PROJECT_DIR)",
					"$(PROJECT_DIR)/..",
					"$(PROJECT_DIR)/../..",
					"$(HOME)/sensitive/sensitive/include",
				);
				USE_HEADERMAP = NO;
				VALIDATE_PRODUCT = YES;
				WARNING_CFLAGS = "";
				WorkspaceDir = "$(SRCROOT)/../../..";
			};
			name = Release;
		};
		9A9124D62F2325B9002F52F3 /* Debug */ = {
			isa = XCBuildConfiguration;
			buildSettings = {
				ENABLE_HARDENED_RUNTIME = YES;
				EXECUTABLE_EXTENSION = dylib;
				MACH_O_TYPE = mh_dylib;
				PLATFORM_MODIFIER = macos;
				SDKROOT = macosx;
			};
			name = Debug;
		};
		9A9124D72F2325B9002F52F3 /* Release */ = {
			isa = XCBuildConfiguration;
			buildSettings = {
				ENABLE_HARDENED_RUNTIME = YES;
				EXECUTABLE_EXTENSION = dylib;
				MACH_O_TYPE = mh_dylib;
				PLATFORM_MODIFIER = macos;
				SDKROOT = macosx;
			};
			name = Release;
		};
/* End XCBuildConfiguration section */

/* Begin XCConfigurationList section */
		9A9124CC2F2325B9002F52F3 /* Build configuration list for PBXProject "graphics3d" */ = {
			isa = XCConfigurationList;
			buildConfigurations = (
				9A9124D32F2325B9002F52F3 /* Debug */,
				9A9124D42F2325B9002F52F3 /* Release */,
			);
			defaultConfigurationIsVisible = 0;
			defaultConfigurationName = Release;
		};
		9A9124D52F2325B9002F52F3 /* Build configuration list for PBXNativeTarget "graphics3d" */ = {
			isa = XCConfigurationList;
			buildConfigurations = (
				9A9124D62F2325B9002F52F3 /* Debug */,
				9A9124D72F2325B9002F52F3 /* Release */,
			);
			defaultConfigurationIsVisible = 0;
			defaultConfigurationName = Release;
		};
/* End XCConfigurationList section */
	};
	rootObject = 9A9124C92F2325B9002F52F3 /* Project object */;
}
