<?xml version="1.0" encoding="utf-8"?>
<Project ToolsVersion="4.0" xmlns="http://schemas.microsoft.com/developer/msbuild/2003">
  <ItemGroup>
    <Filter Include="Source Files">
      <UniqueIdentifier>{8e5d91c7-edc0-4d92-b733-aeffca5af850}</UniqueIdentifier>
    </Filter>
    <Filter Include="Header Files">
      <UniqueIdentifier>{93995380-89BD-4b04-88EB-625FBE52EBFB}</UniqueIdentifier>
      <Extensions>h;hpp;hxx;hm;inl;inc;xsd</Extensions>
    </Filter>
    <Filter Include="Source Files\render_systems">
      <UniqueIdentifier>{65f88613-ad4a-4db8-a740-c9ff05ff121d}</UniqueIdentifier>
    </Filter>
    <Filter Include="Header Files\render_systems">
      <UniqueIdentifier>{25f2e7e8-ee34-48d0-b575-ea265b4fb5bc}</UniqueIdentifier>
    </Filter>
    <Filter Include="Source Files\render_systems\shaders">
      <UniqueIdentifier>{8426a530-e30c-42df-9e93-d3834c3499a8}</UniqueIdentifier>
    </Filter>
    <Filter Include="Header Files\render_systems\shaders">
      <UniqueIdentifier>{68615f34-6cd9-4152-ac07-6768a64d8912}</UniqueIdentifier>
    </Filter>
  </ItemGroup>
  <ItemGroup>
    <ClCompile Include="framework.cpp">
      <Filter>Source Files</Filter>
    </ClCompile>
    <ClCompile Include="_.cpp">
      <Filter>Source Files</Filter>
    </ClCompile>
    <ClCompile Include="buffer.cpp">
      <Filter>Source Files</Filter>
    </ClCompile>
    <ClCompile Include="descriptors.cpp">
      <Filter>Source Files</Filter>
    </ClCompile>
    <ClCompile Include="context.cpp">
      <Filter>Source Files</Filter>
    </ClCompile>
    <ClCompile Include="_factory.cpp">
      <Filter>Source Files</Filter>
    </ClCompile>
    <ClCompile Include="engine.cpp">
      <Filter>Source Files</Filter>
    </ClCompile>
    <ClCompile Include="input.cpp">
      <Filter>Source Files</Filter>
    </ClCompile>
    <ClCompile Include="camera.cpp">
      <Filter>Source Files</Filter>
    </ClCompile>
    <ClCompile Include="cube_map.cpp">
      <Filter>Source Files</Filter>
    </ClCompile>
    <ClCompile Include="mesh.cpp">
      <Filter>Source Files</Filter>
    </ClCompile>
    <ClCompile Include="render_system.cpp">
      <Filter>Source Files</Filter>
    </ClCompile>
    <ClCompile Include="render_systems\gltf_render_system.cpp">
      <Filter>Source Files\render_systems</Filter>
    </ClCompile>
    <ClCompile Include="render_systems\scene_render_system.cpp">
      <Filter>Source Files\render_systems</Filter>
    </ClCompile>
    <ClCompile Include="render_systems\wavefront_obj_render_system.cpp">
      <Filter>Source Files\render_systems</Filter>
    </ClCompile>
    <ClCompile Include="render_systems\skybox_render_system.cpp">
      <Filter>Source Files\render_systems</Filter>
    </ClCompile>
  </ItemGroup>
  <ItemGroup>
    <ClInclude Include="framework.h">
      <Filter>Header Files</Filter>
    </ClInclude>
    <ClInclude Include="_.h">
      <Filter>Header Files</Filter>
    </ClInclude>
    <ClInclude Include="_opengl.h">
      <Filter>Header Files</Filter>
    </ClInclude>
    <ClInclude Include="pipeline.h">
      <Filter>Header Files</Filter>
    </ClInclude>
    <ClInclude Include="types.h">
      <Filter>Header Files</Filter>
    </ClInclude>
    <ClInclude Include="scene_object.h">
      <Filter>Header Files</Filter>
    </ClInclude>
    <ClInclude Include="engine.h">
      <Filter>Header Files</Filter>
    </ClInclude>
    <ClInclude Include="input.h">
      <Filter>Header Files</Filter>
    </ClInclude>
    <ClInclude Include="_constant.h">
      <Filter>Header Files</Filter>
    </ClInclude>
    <ClInclude Include="camera.h">
      <Filter>Header Files</Filter>
    </ClInclude>
    <ClInclude Include="cube_map.h">
      <Filter>Header Files</Filter>
    </ClInclude>
    <ClInclude Include="mesh.h">
      <Filter>Header Files</Filter>
    </ClInclude>
    <ClInclude Include="model_mesh.h">
      <Filter>Header Files</Filter>
    </ClInclude>
    <ClInclude Include="model_shader.h">
      <Filter>Header Files</Filter>
    </ClInclude>
    <ClInclude Include="render_data.h">
      <Filter>Header Files</Filter>
    </ClInclude>
    <ClInclude Include="shapes.h">
      <Filter>Header Files</Filter>
    </ClInclude>
    <ClInclude Include="render_systems\gltf_render_system.h">
      <Filter>Header Files\render_systems</Filter>
    </ClInclude>
    <ClInclude Include="render_systems\scene_render_system.h">
      <Filter>Header Files\render_systems</Filter>
    </ClInclude>
    <ClInclude Include="render_systems\pbr.frag.h">
      <Filter>Header Files\render_systems</Filter>
    </ClInclude>
    <ClInclude Include="render_systems\pbr.vert.h">
      <Filter>Header Files\render_systems</Filter>
    </ClInclude>
    <ClInclude Include="render_systems\wavefront_obj_render_system.h">
      <Filter>Header Files\render_systems</Filter>
    </ClInclude>
    <ClInclude Include="render_systems\shaders\wavefront.frag.h">
      <Filter>Header Files\render_systems\shaders</Filter>
    </ClInclude>
    <ClInclude Include="render_systems\shaders\wavefront.vert.h">
      <Filter>Header Files\render_systems\shaders</Filter>
    </ClInclude>
    <ClInclude Include="render_systems\skybox_render_system.h">
      <Filter>Header Files\render_systems</Filter>
    </ClInclude>
    <ClInclude Include="render_systems\shaders\scene.frag.h">
      <Filter>Header Files\render_systems\shaders</Filter>
    </ClInclude>
    <ClInclude Include="render_systems\shaders\scene.vert.h">
      <Filter>Header Files\render_systems\shaders</Filter>
    </ClInclude>
    <ClInclude Include="render_systems\shaders\skybox.frag.h">
      <Filter>Header Files\render_systems\shaders</Filter>
    </ClInclude>
    <ClInclude Include="render_systems\shaders\skybox.vert.h">
      <Filter>Header Files\render_systems\shaders</Filter>
    </ClInclude>
    <ClInclude Include="render_systems\shaders\skybox_hdr.frag.h">
      <Filter>Header Files\render_systems\shaders</Filter>
    </ClInclude>
  </ItemGroup>
  <ItemGroup>
    <CustomBuild Include="render_systems\shaders\wavefront.vert">
      <Filter>Source Files\render_systems\shaders</Filter>
    </CustomBuild>
    <CustomBuild Include="render_systems\shaders\wavefront.frag">
      <Filter>Source Files\render_systems\shaders</Filter>
    </CustomBuild>
    <CustomBuild Include="render_systems\shaders\skybox_hdr.frag">
      <Filter>Source Files\render_systems\shaders</Filter>
    </CustomBuild>
    <CustomBuild Include="render_systems\shaders\skybox.frag">
      <Filter>Source Files\render_systems\shaders</Filter>
    </CustomBuild>
    <CustomBuild Include="render_systems\shaders\skybox.vert">
      <Filter>Source Files\render_systems\shaders</Filter>
    </CustomBuild>
    <CustomBuild Include="render_systems\shaders\scene.frag">
      <Filter>Source Files\render_systems\shaders</Filter>
    </CustomBuild>
    <CustomBuild Include="render_systems\shaders\scene.vert">
      <Filter>Source Files\render_systems\shaders</Filter>
    </CustomBuild>
    <CustomBuild Include="render_systems\shaders\pbr.frag">
      <Filter>Source Files\render_systems\shaders</Filter>
    </CustomBuild>
    <CustomBuild Include="render_systems\shaders\pbr.vert">
      <Filter>Source Files\render_systems\shaders</Filter>
    </CustomBuild>
  </ItemGroup>
  <ItemGroup>
    <None Include="render_systems\shaders\tonemapping.glsl">
      <Filter>Source Files\render_systems\shaders</Filter>
    </None>
  </ItemGroup>
</Project>